
Microsoft Visual Studio Solution File, Format Version 12.00
# Visual Studio Version 17
VisualStudioVersion = 17.0.31903.59
MinimumVisualStudioVersion = 10.0.40219.1
Project("{FAE04EC0-301F-11D3-BF4B-00C04F79EFBC}") = "Helsi.Todo.Api", "Helsi.Todo.Api\Helsi.Todo.Api.csproj", "{9BA8F273-4913-4723-B35F-EFA8D43BC278}"
EndProject
Project("{FAE04EC0-301F-11D3-BF4B-00C04F79EFBC}") = "Helsi.Todo.Application", "Helsi.Todo.Application\Helsi.Todo.Application.csproj", "{E0A860AB-A835-46E7-A78F-0FF6521E0518}"
EndProject
Project("{FAE04EC0-301F-11D3-BF4B-00C04F79EFBC}") = "Helsi.Todo.Domain", "Helsi.Todo.Domain\Helsi.Todo.Domain.csproj", "{633F23F5-27C1-42BA-AE08-BFF97A260239}"
EndProject
Project("{FAE04EC0-301F-11D3-BF4B-00C04F79EFBC}") = "Helsi.Todo.Infrastructure", "Helsi.Todo.Infrastructure\Helsi.Todo.Infrastructure.csproj", "{DA04C1D9-4B94-4C97-8329-C4FB0051BA36}"
EndProject
Global
	GlobalSection(SolutionConfigurationPlatforms) = preSolution
		Debug|Any CPU = Debug|Any CPU
		Debug|x64 = Debug|x64
		Debug|x86 = Debug|x86
		Release|Any CPU = Release|Any CPU
		Release|x64 = Release|x64
		Release|x86 = Release|x86
	EndGlobalSection
	GlobalSection(ProjectConfigurationPlatforms) = postSolution
		{9BA8F273-4913-4723-B35F-EFA8D43BC278}.Debug|Any CPU.ActiveCfg = Debug|Any CPU
		{9BA8F273-4913-4723-B35F-EFA8D43BC278}.Debug|Any CPU.Build.0 = Debug|Any CPU
		{9BA8F273-4913-4723-B35F-EFA8D43BC278}.Debug|x64.ActiveCfg = Debug|Any CPU
		{9BA8F273-4913-4723-B35F-EFA8D43BC278}.Debug|x64.Build.0 = Debug|Any CPU
		{9BA8F273-4913-4723-B35F-EFA8D43BC278}.Debug|x86.ActiveCfg = Debug|Any CPU
		{9BA8F273-4913-4723-B35F-EFA8D43BC278}.Debug|x86.Build.0 = Debug|Any CPU
		{9BA8F273-4913-4723-B35F-EFA8D43BC278}.Release|Any CPU.ActiveCfg = Release|Any CPU
		{9BA8F273-4913-4723-B35F-EFA8D43BC278}.Release|Any CPU.Build.0 = Release|Any CPU
		{9BA8F273-4913-4723-B35F-EFA8D43BC278}.Release|x64.ActiveCfg = Release|Any CPU
		{9BA8F273-4913-4723-B35F-EFA8D43BC278}.Release|x64.Build.0 = Release|Any CPU
		{9BA8F273-4913-4723-B35F-EFA8D43BC278}.Release|x86.ActiveCfg = Release|Any CPU
		{9BA8F273-4913-4723-B35F-EFA8D43BC278}.Release|x86.Build.0 = Release|Any CPU
		{E0A860AB-A835-46E7-A78F-0FF6521E0518}.Debug|Any CPU.ActiveCfg = Debug|Any CPU
		{E0A860AB-A835-46E7-A78F-0FF6521E0518}.Debug|Any CPU.Build.0 = Debug|Any CPU
		{E0A860AB-A835-46E7-A78F-0FF6521E0518}.Debug|x64.ActiveCfg = Debug|Any CPU
		{E0A860AB-A835-46E7-A78F-0FF6521E0518}.Debug|x64.Build.0 = Debug|Any CPU
		{E0A860AB-A835-46E7-A78F-0FF6521E0518}.Debug|x86.ActiveCfg = Debug|Any CPU
		{E0A860AB-A835-46E7-A78F-0FF6521E0518}.Debug|x86.Build.0 = Debug|Any CPU
		{E0A860AB-A835-46E7-A78F-0FF6521E0518}.Release|Any CPU.ActiveCfg = Release|Any CPU
		{E0A860AB-A835-46E7-A78F-0FF6521E0518}.Release|Any CPU.Build.0 = Release|Any CPU
		{E0A860AB-A835-46E7-A78F-0FF6521E0518}.Release|x64.ActiveCfg = Release|Any CPU
		{E0A860AB-A835-46E7-A78F-0FF6521E0518}.Release|x64.Build.0 = Release|Any CPU
		{E0A860AB-A835-46E7-A78F-0FF6521E0518}.Release|x86.ActiveCfg = Release|Any CPU
		{E0A860AB-A835-46E7-A78F-0FF6521E0518}.Release|x86.Build.0 = Release|Any CPU
		{633F23F5-27C1-42BA-AE08-BFF97A260239}.Debug|Any CPU.ActiveCfg = Debug|Any CPU
		{633F23F5-27C1-42BA-AE08-BFF97A260239}.Debug|Any CPU.Build.0 = Debug|Any CPU
		{633F23F5-27C1-42BA-AE08-BFF97A260239}.Debug|x64.ActiveCfg = Debug|Any CPU
		{633F23F5-27C1-42BA-AE08-BFF97A260239}.Debug|x64.Build.0 = Debug|Any CPU
		{633F23F5-27C1-42BA-AE08-BFF97A260239}.Debug|x86.ActiveCfg = Debug|Any CPU
		{633F23F5-27C1-42BA-AE08-BFF97A260239}.Debug|x86.Build.0 = Debug|Any CPU
		{633F23F5-27C1-42BA-AE08-BFF97A260239}.Release|Any CPU.ActiveCfg = Release|Any CPU
		{633F23F5-27C1-42BA-AE08-BFF97A260239}.Release|Any CPU.Build.0 = Release|Any CPU
		{633F23F5-27C1-42BA-AE08-BFF97A260239}.Release|x64.ActiveCfg = Release|Any CPU
		{633F23F5-27C1-42BA-AE08-BFF97A260239}.Release|x64.Build.0 = Release|Any CPU
		{633F23F5-27C1-42BA-AE08-BFF97A260239}.Release|x86.ActiveCfg = Release|Any CPU
		{633F23F5-27C1-42BA-AE08-BFF97A260239}.Release|x86.Build.0 = Release|Any CPU
		{DA04C1D9-4B94-4C97-8329-C4FB0051BA36}.Debug|Any CPU.ActiveCfg = Debug|Any CPU
		{DA04C1D9-4B94-4C97-8329-C4FB0051BA36}.Debug|Any CPU.Build.0 = Debug|Any CPU
		{DA04C1D9-4B94-4C97-8329-C4FB0051BA36}.Debug|x64.ActiveCfg = Debug|Any CPU
		{DA04C1D9-4B94-4C97-8329-C4FB0051BA36}.Debug|x64.Build.0 = Debug|Any CPU
		{DA04C1D9-4B94-4C97-8329-C4FB0051BA36}.Debug|x86.ActiveCfg = Debug|Any CPU
		{DA04C1D9-4B94-4C97-8329-C4FB0051BA36}.Debug|x86.Build.0 = Debug|Any CPU
		{DA04C1D9-4B94-4C97-8329-C4FB0051BA36}.Release|Any CPU.ActiveCfg = Release|Any CPU
		{DA04C1D9-4B94-4C97-8329-C4FB0051BA36}.Release|Any CPU.Build.0 = Release|Any CPU
		{DA04C1D9-4B94-4C97-8329-C4FB0051BA36}.Release|x64.ActiveCfg = Release|Any CPU
		{DA04C1D9-4B94-4C97-8329-C4FB0051BA36}.Release|x64.Build.0 = Release|Any CPU
		{DA04C1D9-4B94-4C97-8329-C4FB0051BA36}.Release|x86.ActiveCfg = Release|Any CPU
		{DA04C1D9-4B94-4C97-8329-C4FB0051BA36}.Release|x86.Build.0 = Release|Any CPU
	EndGlobalSection
	GlobalSection(SolutionProperties) = preSolution
		HideSolutionNode = FALSE
	EndGlobalSection
EndGlobal
